// !$*UTF8*$!
{
	archiveVersion = 1;
	classes = {
	};
	objectVersion = 46;
	objects = {

/* Begin PBXBuildFile section */
		604D2DDC19234A95000110D7 /* Foundation.framework in Frameworks */ = {isa = PBXBuildFile; fileRef = 604D2DDB19234A95000110D7 /* Foundation.framework */; };
		604D2DDE19234A95000110D7 /* CoreGraphics.framework in Frameworks */ = {isa = PBXBuildFile; fileRef = 604D2DDD19234A95000110D7 /* CoreGraphics.framework */; };
		604D2DE019234A95000110D7 /* UIKit.framework in Frameworks */ = {isa = PBXBuildFile; fileRef = 604D2DDF19234A95000110D7 /* UIKit.framework */; };
		604D2DE619234A95000110D7 /* InfoPlist.strings in Resources */ = {isa = PBXBuildFile; fileRef = 604D2DE419234A95000110D7 /* InfoPlist.strings */; };
		604D2DE819234A95000110D7 /* main.m in Sources */ = {isa = PBXBuildFile; fileRef = 604D2DE719234A95000110D7 /* main.m */; };
		604D2DEC19234A95000110D7 /* AppDelegate.m in Sources */ = {isa = PBXBuildFile; fileRef = 604D2DEB19234A95000110D7 /* AppDelegate.m */; };
		604D2DEF19234A95000110D7 /* Main.storyboard in Resources */ = {isa = PBXBuildFile; fileRef = 604D2DED19234A95000110D7 /* Main.storyboard */; };
		604D2DF219234A95000110D7 /* ViewController.m in Sources */ = {isa = PBXBuildFile; fileRef = 604D2DF119234A95000110D7 /* ViewController.m */; };
		604D2DF419234A95000110D7 /* Images.xcassets in Resources */ = {isa = PBXBuildFile; fileRef = 604D2DF319234A95000110D7 /* Images.xcassets */; };
		604D2DFB19234A95000110D7 /* XCTest.framework in Frameworks */ = {isa = PBXBuildFile; fileRef = 604D2DFA19234A95000110D7 /* XCTest.framework */; };
		604D2DFC19234A95000110D7 /* Foundation.framework in Frameworks */ = {isa = PBXBuildFile; fileRef = 604D2DDB19234A95000110D7 /* Foundation.framework */; };
		604D2DFD19234A95000110D7 /* UIKit.framework in Frameworks */ = {isa = PBXBuildFile; fileRef = 604D2DDF19234A95000110D7 /* UIKit.framework */; };
		604D2E121924EFBD000110D7 /* TableViewController.m in Sources */ = {isa = PBXBuildFile; fileRef = 604D2E111924EFBD000110D7 /* TableViewController.m */; };
		604D2E1419251B5B000110D7 /* QuartzCore.framework in Frameworks */ = {isa = PBXBuildFile; fileRef = 604D2E1319251B5B000110D7 /* QuartzCore.framework */; };
		72A0E461DB624983B1619AD5 /* libPods.a in Frameworks */ = {isa = PBXBuildFile; fileRef = 4E55D9A8507F4E5E956544BC /* libPods.a */; };
/* End PBXBuildFile section */

/* Begin PBXContainerItemProxy section */
		604D2DFE19234A95000110D7 /* PBXContainerItemProxy */ = {
			isa = PBXContainerItemProxy;
			containerPortal = 604D2DD019234A95000110D7 /* Project object */;
			proxyType = 1;
			remoteGlobalIDString = 604D2DD719234A95000110D7;
			remoteInfo = "ios-test";
		};
/* End PBXContainerItemProxy section */

/* Begin PBXFileReference section */
		3D0259893AE74AB1A70612B1 /* Pods.xcconfig */ = {isa = PBXFileReference; includeInIndex = 1; lastKnownFileType = text.xcconfig; name = Pods.xcconfig; path = Pods/Pods.xcconfig; sourceTree = "<group>"; };
		4E55D9A8507F4E5E956544BC /* libPods.a */ = {isa = PBXFileReference; explicitFileType = archive.ar; includeInIndex = 0; path = libPods.a; sourceTree = BUILT_PRODUCTS_DIR; };
		604D2DD819234A95000110D7 /* ios-test.app */ = {isa = PBXFileReference; explicitFileType = wrapper.application; includeInIndex = 0; path = "ios-test.app"; sourceTree = BUILT_PRODUCTS_DIR; };
		604D2DDB19234A95000110D7 /* Foundation.framework */ = {isa = PBXFileReference; lastKnownFileType = wrapper.framework; name = Foundation.framework; path = System/Library/Frameworks/Foundation.framework; sourceTree = SDKROOT; };
		604D2DDD19234A95000110D7 /* CoreGraphics.framework */ = {isa = PBXFileReference; lastKnownFileType = wrapper.framework; name = CoreGraphics.framework; path = System/Library/Frameworks/CoreGraphics.framework; sourceTree = SDKROOT; };
		604D2DDF19234A95000110D7 /* UIKit.framework */ = {isa = PBXFileReference; lastKnownFileType = wrapper.framework; name = UIKit.framework; path = System/Library/Frameworks/UIKit.framework; sourceTree = SDKROOT; };
		604D2DE319234A95000110D7 /* ios-test-Info.plist */ = {isa = PBXFileReference; lastKnownFileType = text.plist.xml; path = "ios-test-Info.plist"; sourceTree = "<group>"; };
		604D2DE519234A95000110D7 /* en */ = {isa = PBXFileReference; lastKnownFileType = text.plist.strings; name = en; path = en.lproj/InfoPlist.strings; sourceTree = "<group>"; };
		604D2DE719234A95000110D7 /* main.m */ = {isa = PBXFileReference; lastKnownFileType = sourcecode.c.objc; path = main.m; sourceTree = "<group>"; };
		604D2DE919234A95000110D7 /* ios-test-Prefix.pch */ = {isa = PBXFileReference; lastKnownFileType = sourcecode.c.h; path = "ios-test-Prefix.pch"; sourceTree = "<group>"; };
		604D2DEA19234A95000110D7 /* AppDelegate.h */ = {isa = PBXFileReference; lastKnownFileType = sourcecode.c.h; path = AppDelegate.h; sourceTree = "<group>"; };
		604D2DEB19234A95000110D7 /* AppDelegate.m */ = {isa = PBXFileReference; lastKnownFileType = sourcecode.c.objc; path = AppDelegate.m; sourceTree = "<group>"; };
		604D2DEE19234A95000110D7 /* Base */ = {isa = PBXFileReference; lastKnownFileType = file.storyboard; name = Base; path = Base.lproj/Main.storyboard; sourceTree = "<group>"; };
		604D2DF019234A95000110D7 /* ViewController.h */ = {isa = PBXFileReference; lastKnownFileType = sourcecode.c.h; path = ViewController.h; sourceTree = "<group>"; };
		604D2DF119234A95000110D7 /* ViewController.m */ = {isa = PBXFileReference; lastKnownFileType = sourcecode.c.objc; path = ViewController.m; sourceTree = "<group>"; };
		604D2DF319234A95000110D7 /* Images.xcassets */ = {isa = PBXFileReference; lastKnownFileType = folder.assetcatalog; path = Images.xcassets; sourceTree = "<group>"; };
		604D2DF919234A95000110D7 /* ios-testTests.xctest */ = {isa = PBXFileReference; explicitFileType = wrapper.cfbundle; includeInIndex = 0; path = "ios-testTests.xctest"; sourceTree = BUILT_PRODUCTS_DIR; };
		604D2DFA19234A95000110D7 /* XCTest.framework */ = {isa = PBXFileReference; lastKnownFileType = wrapper.framework; name = XCTest.framework; path = Library/Frameworks/XCTest.framework; sourceTree = DEVELOPER_DIR; };
		604D2E101924EFBD000110D7 /* TableViewController.h */ = {isa = PBXFileReference; fileEncoding = 4; lastKnownFileType = sourcecode.c.h; path = TableViewController.h; sourceTree = "<group>"; };
		604D2E111924EFBD000110D7 /* TableViewController.m */ = {isa = PBXFileReference; fileEncoding = 4; lastKnownFileType = sourcecode.c.objc; path = TableViewController.m; sourceTree = "<group>"; };
		604D2E1319251B5B000110D7 /* QuartzCore.framework */ = {isa = PBXFileReference; lastKnownFileType = wrapper.framework; name = QuartzCore.framework; path = System/Library/Frameworks/QuartzCore.framework; sourceTree = SDKROOT; };
/* End PBXFileReference section */

/* Begin PBXFrameworksBuildPhase section */
		604D2DD519234A95000110D7 /* Frameworks */ = {
			isa = PBXFrameworksBuildPhase;
			buildActionMask = 2147483647;
			files = (
				604D2E1419251B5B000110D7 /* QuartzCore.framework in Frameworks */,
				604D2DDE19234A95000110D7 /* CoreGraphics.framework in Frameworks */,
				604D2DE019234A95000110D7 /* UIKit.framework in Frameworks */,
				604D2DDC19234A95000110D7 /* Foundation.framework in Frameworks */,
				72A0E461DB624983B1619AD5 /* libPods.a in Frameworks */,
			);
			runOnlyForDeploymentPostprocessing = 0;
		};
		604D2DF619234A95000110D7 /* Frameworks */ = {
			isa = PBXFrameworksBuildPhase;
			buildActionMask = 2147483647;
			files = (
				604D2DFB19234A95000110D7 /* XCTest.framework in Frameworks */,
				604D2DFD19234A95000110D7 /* UIKit.framework in Frameworks */,
				604D2DFC19234A95000110D7 /* Foundation.framework in Frameworks */,
			);
			runOnlyForDeploymentPostprocessing = 0;
		};
/* End PBXFrameworksBuildPhase section */

/* Begin PBXGroup section */
		604D2DCF19234A95000110D7 = {
			isa = PBXGroup;
			children = (
				604D2DE119234A95000110D7 /* ios-test */,
				604D2DDA19234A95000110D7 /* Frameworks */,
				604D2DD919234A95000110D7 /* Products */,
				3D0259893AE74AB1A70612B1 /* Pods.xcconfig */,
			);
			sourceTree = "<group>";
		};
		604D2DD919234A95000110D7 /* Products */ = {
			isa = PBXGroup;
			children = (
				604D2DD819234A95000110D7 /* ios-test.app */,
				604D2DF919234A95000110D7 /* ios-testTests.xctest */,
			);
			name = Products;
			sourceTree = "<group>";
		};
		604D2DDA19234A95000110D7 /* Frameworks */ = {
			isa = PBXGroup;
			children = (
				604D2E1319251B5B000110D7 /* QuartzCore.framework */,
				604D2DDB19234A95000110D7 /* Foundation.framework */,
				604D2DDD19234A95000110D7 /* CoreGraphics.framework */,
				604D2DDF19234A95000110D7 /* UIKit.framework */,
				604D2DFA19234A95000110D7 /* XCTest.framework */,
				4E55D9A8507F4E5E956544BC /* libPods.a */,
			);
			name = Frameworks;
			sourceTree = "<group>";
		};
		604D2DE119234A95000110D7 /* ios-test */ = {
			isa = PBXGroup;
			children = (
				604D2DEA19234A95000110D7 /* AppDelegate.h */,
				604D2DEB19234A95000110D7 /* AppDelegate.m */,
				604D2DED19234A95000110D7 /* Main.storyboard */,
				604D2DF019234A95000110D7 /* ViewController.h */,
				604D2DF119234A95000110D7 /* ViewController.m */,
				604D2DF319234A95000110D7 /* Images.xcassets */,
				604D2DE219234A95000110D7 /* Supporting Files */,
				604D2E101924EFBD000110D7 /* TableViewController.h */,
				604D2E111924EFBD000110D7 /* TableViewController.m */,
			);
			path = "ios-test";
			sourceTree = "<group>";
		};
		604D2DE219234A95000110D7 /* Supporting Files */ = {
			isa = PBXGroup;
			children = (
				604D2DE319234A95000110D7 /* ios-test-Info.plist */,
				604D2DE419234A95000110D7 /* InfoPlist.strings */,
				604D2DE719234A95000110D7 /* main.m */,
				604D2DE919234A95000110D7 /* ios-test-Prefix.pch */,
			);
			name = "Supporting Files";
			sourceTree = "<group>";
		};
/* End PBXGroup section */

/* Begin PBXNativeTarget section */
		604D2DD719234A95000110D7 /* ios-test */ = {
			isa = PBXNativeTarget;
			buildConfigurationList = 604D2E0A19234A95000110D7 /* Build configuration list for PBXNativeTarget "ios-test" */;
			buildPhases = (
				F9DB927243474203B0DC0CD3 /* Check Pods Manifest.lock */,
				604D2DD419234A95000110D7 /* Sources */,
				604D2DD519234A95000110D7 /* Frameworks */,
				604D2DD619234A95000110D7 /* Resources */,
				1CFDF84726D141E19FCA1298 /* Copy Pods Resources */,
			);
			buildRules = (
			);
			dependencies = (
			);
			name = "ios-test";
			productName = "ios-test";
			productReference = 604D2DD819234A95000110D7 /* ios-test.app */;
			productType = "com.apple.product-type.application";
		};
		604D2DF819234A95000110D7 /* ios-testTests */ = {
			isa = PBXNativeTarget;
			buildConfigurationList = 604D2E0D19234A95000110D7 /* Build configuration list for PBXNativeTarget "ios-testTests" */;
			buildPhases = (
				604D2DF519234A95000110D7 /* Sources */,
				604D2DF619234A95000110D7 /* Frameworks */,
				604D2DF719234A95000110D7 /* Resources */,
			);
			buildRules = (
			);
			dependencies = (
				604D2DFF19234A95000110D7 /* PBXTargetDependency */,
			);
			name = "ios-testTests";
			productName = "ios-testTests";
			productReference = 604D2DF919234A95000110D7 /* ios-testTests.xctest */;
			productType = "com.apple.product-type.bundle.unit-test";
		};
/* End PBXNativeTarget section */

/* Begin PBXProject section */
		604D2DD019234A95000110D7 /* Project object */ = {
			isa = PBXProject;
			attributes = {
				LastUpgradeCheck = 0510;
				TargetAttributes = {
					604D2DF819234A95000110D7 = {
						TestTargetID = 604D2DD719234A95000110D7;
					};
				};
			};
			buildConfigurationList = 604D2DD319234A95000110D7 /* Build configuration list for PBXProject "ios-test" */;
			compatibilityVersion = "Xcode 3.2";
			developmentRegion = English;
			hasScannedForEncodings = 0;
			knownRegions = (
				en,
				Base,
			);
			mainGroup = 604D2DCF19234A95000110D7;
			productRefGroup = 604D2DD919234A95000110D7 /* Products */;
			projectDirPath = "";
			projectRoot = "";
			targets = (
				604D2DD719234A95000110D7 /* ios-test */,
				604D2DF819234A95000110D7 /* ios-testTests */,
			);
		};
/* End PBXProject section */

/* Begin PBXResourcesBuildPhase section */
		604D2DD619234A95000110D7 /* Resources */ = {
			isa = PBXResourcesBuildPhase;
			buildActionMask = 2147483647;
			files = (
				604D2DF419234A95000110D7 /* Images.xcassets in Resources */,
				604D2DE619234A95000110D7 /* InfoPlist.strings in Resources */,
				604D2DEF19234A95000110D7 /* Main.storyboard in Resources */,
			);
			runOnlyForDeploymentPostprocessing = 0;
		};
		604D2DF719234A95000110D7 /* Resources */ = {
			isa = PBXResourcesBuildPhase;
			buildActionMask = 2147483647;
			files = (
			);
			runOnlyForDeploymentPostprocessing = 0;
		};
/* End PBXResourcesBuildPhase section */

/* Begin PBXShellScriptBuildPhase section */
		1CFDF84726D141E19FCA1298 /* Copy Pods Resources */ = {
			isa = PBXShellScriptBuildPhase;
			buildActionMask = 2147483647;
			files = (
			);
			inputPaths = (
			);
			name = "Copy Pods Resources";
			outputPaths = (
			);
			runOnlyForDeploymentPostprocessing = 0;
			shellPath = /bin/sh;
			shellScript = "\"${SRCROOT}/Pods/Pods-resources.sh\"\n";
			showEnvVarsInLog = 0;
		};
		F9DB927243474203B0DC0CD3 /* Check Pods Manifest.lock */ = {
			isa = PBXShellScriptBuildPhase;
			buildActionMask = 2147483647;
			files = (
			);
			inputPaths = (
			);
			name = "Check Pods Manifest.lock";
			outputPaths = (
			);
			runOnlyForDeploymentPostprocessing = 0;
			shellPath = /bin/sh;
			shellScript = "diff \"${PODS_ROOT}/../Podfile.lock\" \"${PODS_ROOT}/Manifest.lock\" > /dev/null\nif [[ $? != 0 ]] ; then\n    cat << EOM\nerror: The sandbox is not in sync with the Podfile.lock. Run 'pod install' or update your CocoaPods installation.\nEOM\n    exit 1\nfi\n";
			showEnvVarsInLog = 0;
		};
/* End PBXShellScriptBuildPhase section */

/* Begin PBXSourcesBuildPhase section */
		604D2DD419234A95000110D7 /* Sources */ = {
			isa = PBXSourcesBuildPhase;
			buildActionMask = 2147483647;
			files = (
				604D2DF219234A95000110D7 /* ViewController.m in Sources */,
				604D2DEC19234A95000110D7 /* AppDelegate.m in Sources */,
				604D2DE819234A95000110D7 /* main.m in Sources */,
				604D2E121924EFBD000110D7 /* TableViewController.m in Sources */,
			);
			runOnlyForDeploymentPostprocessing = 0;
		};
		604D2DF519234A95000110D7 /* Sources */ = {
			isa = PBXSourcesBuildPhase;
			buildActionMask = 2147483647;
			files = (
			);
			runOnlyForDeploymentPostprocessing = 0;
		};
/* End PBXSourcesBuildPhase section */

/* Begin PBXTargetDependency section */
		604D2DFF19234A95000110D7 /* PBXTargetDependency */ = {
			isa = PBXTargetDependency;
			target = 604D2DD719234A95000110D7 /* ios-test */;
			targetProxy = 604D2DFE19234A95000110D7 /* PBXContainerItemProxy */;
		};
/* End PBXTargetDependency section */

/* Begin PBXVariantGroup section */
		604D2DE419234A95000110D7 /* InfoPlist.strings */ = {
			isa = PBXVariantGroup;
			children = (
				604D2DE519234A95000110D7 /* en */,
			);
			name = InfoPlist.strings;
			sourceTree = "<group>";
		};
		604D2DED19234A95000110D7 /* Main.storyboard */ = {
			isa = PBXVariantGroup;
			children = (
				604D2DEE19234A95000110D7 /* Base */,
			);
			name = Main.storyboard;
			sourceTree = "<group>";
		};
/* End PBXVariantGroup section */

/* Begin XCBuildConfiguration section */
		604D2E0819234A95000110D7 /* Debug */ = {
			isa = XCBuildConfiguration;
			buildSettings = {
				ALWAYS_SEARCH_USER_PATHS = NO;
				CLANG_CXX_LANGUAGE_STANDARD = "gnu++0x";
				CLANG_CXX_LIBRARY = "libc++";
				CLANG_ENABLE_MODULES = YES;
				CLANG_ENABLE_OBJC_ARC = YES;
				CLANG_WARN_BOOL_CONVERSION = YES;
				CLANG_WARN_CONSTANT_CONVERSION = YES;
				CLANG_WARN_DIRECT_OBJC_ISA_USAGE = YES_ERROR;
				CLANG_WARN_EMPTY_BODY = YES;
				CLANG_WARN_ENUM_CONVERSION = YES;
				CLANG_WARN_INT_CONVERSION = YES;
				CLANG_WARN_OBJC_ROOT_CLASS = YES_ERROR;
				CLANG_WARN__DUPLICATE_METHOD_MATCH = YES;
				"CODE_SIGN_IDENTITY[sdk=iphoneos*]" = "iPhone Developer";
				COPY_PHASE_STRIP = NO;
				GCC_C_LANGUAGE_STANDARD = gnu99;
				GCC_DYNAMIC_NO_PIC = NO;
				GCC_OPTIMIZATION_LEVEL = 0;
				GCC_PREPROCESSOR_DEFINITIONS = (
					"DEBUG=1",
					"$(inherited)",
				);
				GCC_SYMBOLS_PRIVATE_EXTERN = NO;
				GCC_WARN_64_TO_32_BIT_CONVERSION = YES;
				GCC_WARN_ABOUT_RETURN_TYPE = YES_ERROR;
				GCC_WARN_UNDECLARED_SELECTOR = YES;
				GCC_WARN_UNINITIALIZED_AUTOS = YES_AGGRESSIVE;
				GCC_WARN_UNUSED_FUNCTION = YES;
				GCC_WARN_UNUSED_VARIABLE = YES;
				IPHONEOS_DEPLOYMENT_TARGET = 7.1;
				ONLY_ACTIVE_ARCH = YES;
				SDKROOT = iphoneos;
			};
			name = Debug;
		};
		604D2E0919234A95000110D7 /* Release */ = {
			isa = XCBuildConfiguration;
			buildSettings = {
				ALWAYS_SEARCH_USER_PATHS = NO;
				CLANG_CXX_LANGUAGE_STANDARD = "gnu++0x";
				CLANG_CXX_LIBRARY = "libc++";
				CLANG_ENABLE_MODULES = YES;
				CLANG_ENABLE_OBJC_ARC = YES;
				CLANG_WARN_BOOL_CONVERSION = YES;
				CLANG_WARN_CONSTANT_CONVERSION = YES;
				CLANG_WARN_DIRECT_OBJC_ISA_USAGE = YES_ERROR;
				CLANG_WARN_EMPTY_BODY = YES;
				CLANG_WARN_ENUM_CONVERSION = YES;
				CLANG_WARN_INT_CONVERSION = YES;
				CLANG_WARN_OBJC_ROOT_CLASS = YES_ERROR;
				CLANG_WARN__DUPLICATE_METHOD_MATCH = YES;
				"CODE_SIGN_IDENTITY[sdk=iphoneos*]" = "iPhone Developer";
				COPY_PHASE_STRIP = YES;
				ENABLE_NS_ASSERTIONS = NO;
				GCC_C_LANGUAGE_STANDARD = gnu99;
				GCC_WARN_64_TO_32_BIT_CONVERSION = YES;
				GCC_WARN_ABOUT_RETURN_TYPE = YES_ERROR;
				GCC_WARN_UNDECLARED_SELECTOR = YES;
				GCC_WARN_UNINITIALIZED_AUTOS = YES_AGGRESSIVE;
				GCC_WARN_UNUSED_FUNCTION = YES;
				GCC_WARN_UNUSED_VARIABLE = YES;
				IPHONEOS_DEPLOYMENT_TARGET = 7.1;
				SDKROOT = iphoneos;
				VALIDATE_PRODUCT = YES;
			};
			name = Release;
		};
		604D2E0B19234A95000110D7 /* Debug */ = {
			isa = XCBuildConfiguration;
			baseConfigurationReference = 3D0259893AE74AB1A70612B1 /* Pods.xcconfig */;
			buildSettings = {
				ASSETCATALOG_COMPILER_APPICON_NAME = AppIcon;
				ASSETCATALOG_COMPILER_LAUNCHIMAGE_NAME = LaunchImage;
				GCC_PRECOMPILE_PREFIX_HEADER = YES;
				GCC_PREFIX_HEADER = "ios-test/ios-test-Prefix.pch";
				INFOPLIST_FILE = "ios-test/ios-test-Info.plist";
				PRODUCT_NAME = "$(TARGET_NAME)";
				WRAPPER_EXTENSION = app;
			};
			name = Debug;
		};
		604D2E0C19234A95000110D7 /* Release */ = {
			isa = XCBuildConfiguration;
			baseConfigurationReference = 3D0259893AE74AB1A70612B1 /* Pods.xcconfig */;
			buildSettings = {
				ASSETCATALOG_COMPILER_APPICON_NAME = AppIcon;
				ASSETCATALOG_COMPILER_LAUNCHIMAGE_NAME = LaunchImage;
				GCC_PRECOMPILE_PREFIX_HEADER = YES;
				GCC_PREFIX_HEADER = "ios-test/ios-test-Prefix.pch";
				INFOPLIST_FILE = "ios-test/ios-test-Info.plist";
				PRODUCT_NAME = "$(TARGET_NAME)";
				WRAPPER_EXTENSION = app;
			};
			name = Release;
		};
		604D2E0E19234A95000110D7 /* Debug */ = {
			isa = XCBuildConfiguration;
			buildSettings = {
				BUNDLE_LOADER = "$(BUILT_PRODUCTS_DIR)/ios-test.app/ios-test";
				FRAMEWORK_SEARCH_PATHS = (
					"$(SDKROOT)/Developer/Library/Frameworks",
					"$(inherited)",
					"$(DEVELOPER_FRAMEWORKS_DIR)",
				);
				GCC_PRECOMPILE_PREFIX_HEADER = YES;
				GCC_PREFIX_HEADER = "ios-test/ios-test-Prefix.pch";
				GCC_PREPROCESSOR_DEFINITIONS = (
					"DEBUG=1",
					"$(inherited)",
				);
				INFOPLIST_FILE = "ios-testTests/ios-testTests-Info.plist";
				PRODUCT_NAME = "$(TARGET_NAME)";
				TEST_HOST = "$(BUNDLE_LOADER)";
				WRAPPER_EXTENSION = xctest;
			};
			name = Debug;
		};
		604D2E0F19234A95000110D7 /* Release */ = {
			isa = XCBuildConfiguration;
			buildSettings = {
				BUNDLE_LOADER = "$(BUILT_PRODUCTS_DIR)/ios-test.app/ios-test";
				FRAMEWORK_SEARCH_PATHS = (
					"$(SDKROOT)/Developer/Library/Frameworks",
					"$(inherited)",
					"$(DEVELOPER_FRAMEWORKS_DIR)",
				);
				GCC_PRECOMPILE_PREFIX_HEADER = YES;
				GCC_PREFIX_HEADER = "ios-test/ios-test-Prefix.pch";
				INFOPLIST_FILE = "ios-testTests/ios-testTests-Info.plist";
				PRODUCT_NAME = "$(TARGET_NAME)";
				TEST_HOST = "$(BUNDLE_LOADER)";
				WRAPPER_EXTENSION = xctest;
			};
			name = Release;
		};
/* End XCBuildConfiguration section */

/* Begin XCConfigurationList section */
		604D2DD319234A95000110D7 /* Build configuration list for PBXProject "ios-test" */ = {
			isa = XCConfigurationList;
			buildConfigurations = (
				604D2E0819234A95000110D7 /* Debug */,
				604D2E0919234A95000110D7 /* Release */,
			);
			defaultConfigurationIsVisible = 0;
			defaultConfigurationName = Release;
		};
		604D2E0A19234A95000110D7 /* Build configuration list for PBXNativeTarget "ios-test" */ = {
			isa = XCConfigurationList;
			buildConfigurations = (
				604D2E0B19234A95000110D7 /* Debug */,
				604D2E0C19234A95000110D7 /* Release */,
			);
			defaultConfigurationIsVisible = 0;
			defaultConfigurationName = Release;
		};
		604D2E0D19234A95000110D7 /* Build configuration list for PBXNativeTarget "ios-testTests" */ = {
			isa = XCConfigurationList;
			buildConfigurations = (
				604D2E0E19234A95000110D7 /* Debug */,
				604D2E0F19234A95000110D7 /* Release */,
			);
			defaultConfigurationIsVisible = 0;
			defaultConfigurationName = Release;
		};
/* End XCConfigurationList section */
	};
	rootObject = 604D2DD019234A95000110D7 /* Project object */;
}
